{
  "object": {
    "pins": [
      {
        "package": "FZSwiftUtils",
        "repositoryURL": "https://github.com/flocked/FZSwiftUtils.git",
        "state": {
          "branch": "main",
          "revision": "bd50212b9910dc33ef10e674752fc7ddab3609d4",
          "version": null
        }
      }
    ]
  },
  "version": 1
}
