{
  "object": {
    "pins": [
      {
        "package": "FZSwiftUtils",
        "repositoryURL": "https://github.com/flocked/FZSwiftUtils.git",
        "state": {
          "branch": "main",
          "revision": "cd8b094ad9b78b7d1ce85dc1e18f28ae5c827302",
          "version": null
        }
      }
    ]
  },
  "version": 1
}
