{
  "object": {
    "pins": [
      {
        "package": "FZSwiftUtils",
        "repositoryURL": "https://github.com/flocked/FZSwiftUtils.git",
        "state": {
          "branch": "main",
          "revision": "b3075aca21e172ffd2ae6476bdf436334528f522",
          "version": null
        }
      }
    ]
  },
  "version": 1
}
